
Microsoft Visual Studio Solution File, Format Version 12.00
# Visual Studio Version 17
VisualStudioVersion = 17.3.32825.248
MinimumVisualStudioVersion = 10.0.40219.1
Project("{9A19103F-16F7-4668-BE54-9A1E7A4F7556}") = "WebAppDevFinal", "WebAppDevFinal\WebAppDevFinal.csproj", "{4C47F179-B4AF-489D-A671-4C889CC60599}"
EndProject
Global
	GlobalSection(SolutionConfigurationPlatforms) = preSolution
		Debug|Any CPU = Debug|Any CPU
		Release|Any CPU = Release|Any CPU
	EndGlobalSection
	GlobalSection(ProjectConfigurationPlatforms) = postSolution
		{4C47F179-B4AF-489D-A671-4C889CC60599}.Debug|Any CPU.ActiveCfg = Debug|Any CPU
		{4C47F179-B4AF-489D-A671-4C889CC60599}.Debug|Any CPU.Build.0 = Debug|Any CPU
		{4C47F179-B4AF-489D-A671-4C889CC60599}.Release|Any CPU.ActiveCfg = Release|Any CPU
		{4C47F179-B4AF-489D-A671-4C889CC60599}.Release|Any CPU.Build.0 = Release|Any CPU
	EndGlobalSection
	GlobalSection(SolutionProperties) = preSolution
		HideSolutionNode = FALSE
	EndGlobalSection
	GlobalSection(ExtensibilityGlobals) = postSolution
		SolutionGuid = {5DA5C0CB-6249-49B3-882D-75CA2866C51A}
	EndGlobalSection
EndGlobal
